
Microsoft Visual Studio Solution File, Format Version 12.00
# Visual Studio Version 17
VisualStudioVersion = 17.3.32929.385
MinimumVisualStudioVersion = 10.0.40219.1
Project("{9A19103F-16F7-4668-BE54-9A1E7A4F7556}") = "WebApp", "WebApp\WebApp.csproj", "{577A1394-D45A-4293-BD76-3B1B719188D1}"
EndProject
Project("{9A19103F-16F7-4668-BE54-9A1E7A4F7556}") = "IDP", "IDP\IDP\IDP.csproj", "{DA5473D8-51E6-4CC9-BE11-9E0A6AA9A56E}"
EndProject
Project("{2150E333-8FDC-42A3-9474-1A3956D46DE8}") = "Common Solution Items", "Common Solution Items", "{2A29F2CA-A4ED-48F2-976C-577C5A5F9EB5}"
	ProjectSection(SolutionItems) = preProject
		.editorconfig = .editorconfig
	EndProjectSection
EndProject
Project("{9A19103F-16F7-4668-BE54-9A1E7A4F7556}") = "IDP.Common", "Common\IDP.Common.csproj", "{9FD940F3-FDD6-475E-8110-B5AA1F401796}"
EndProject
Project("{2150E333-8FDC-42A3-9474-1A3956D46DE8}") = "WebApplication", "WebApplication", "{2C3F2595-68BB-40C4-9295-40F9DA18A818}"
EndProject
Project("{2150E333-8FDC-42A3-9474-1A3956D46DE8}") = "Database", "Database", "{BC0B7C6A-1199-4186-8271-326699851B55}"
EndProject
Project("{2150E333-8FDC-42A3-9474-1A3956D46DE8}") = "IDP", "IDP", "{8F0CAB80-7DA6-4694-866E-4ABE7A41DD4B}"
EndProject
Project("{9A19103F-16F7-4668-BE54-9A1E7A4F7556}") = "Contracts", "Contracts\Contracts.csproj", "{A3041980-2345-4E43-A11F-3D4B27B6B679}"
EndProject
Project("{9A19103F-16F7-4668-BE54-9A1E7A4F7556}") = "Entities", "Entities\Entities.csproj", "{64C6728D-EAF9-42BB-BD0B-A48F4977D642}"
EndProject
Project("{9A19103F-16F7-4668-BE54-9A1E7A4F7556}") = "Queries", "Queries\Queries.csproj", "{5C78C412-DFDE-467B-949A-885D26FBF824}"
EndProject
Project("{9A19103F-16F7-4668-BE54-9A1E7A4F7556}") = "Services", "Services\Services.csproj", "{E0C5E779-C70E-4D4F-9D05-21C0B5102635}"
EndProject
Project("{9A19103F-16F7-4668-BE54-9A1E7A4F7556}") = "Storage", "Storage\Storage.csproj", "{AFD22EF6-6552-46F3-A747-641E87378822}"
EndProject
Project("{9A19103F-16F7-4668-BE54-9A1E7A4F7556}") = "ReadOnlyStorage", "ReadOnlyStorage\ReadOnlyStorage.csproj", "{EB40CF4A-A37B-4739-B1CA-40E9B5A15D24}"
EndProject
Project("{2150E333-8FDC-42A3-9474-1A3956D46DE8}") = "Queries", "Queries", "{A07AD5CF-ADD5-4070-A44F-9EBAB426E177}"
EndProject
Project("{9A19103F-16F7-4668-BE54-9A1E7A4F7556}") = "ReadOnlyEntities", "ReadOnlyEntities\ReadOnlyEntities.csproj", "{70ADA582-BA08-446B-8FB5-3F803FE79ADE}"
EndProject
Project("{2150E333-8FDC-42A3-9474-1A3956D46DE8}") = "Common", "Common", "{146ABE06-7709-4915-9A65-4AA341CD9D48}"
EndProject
Project("{2150E333-8FDC-42A3-9474-1A3956D46DE8}") = "Services", "Services", "{AE142898-0F33-455D-8443-2A72E4946C5E}"
EndProject
Project("{00D1A9C2-B5F0-4AF3-8072-F6C62B433612}") = "HourlyDatabase", "Hourly\HourlyDatabase.sqlproj", "{B80C31AD-1028-43D8-9070-9A55B4A4C94E}"
EndProject
Project("{9A19103F-16F7-4668-BE54-9A1E7A4F7556}") = "IDP.Domain", "IDP.Domain\IDP.Domain.csproj", "{542A6A12-F206-40B0-97DD-75C91699CDF6}"
EndProject
Project("{9A19103F-16F7-4668-BE54-9A1E7A4F7556}") = "IDP.Repository", "IDP.Repository\IDP.Repository.csproj", "{977867A4-6033-4C38-90C8-AD83B79190E0}"
EndProject
Project("{9A19103F-16F7-4668-BE54-9A1E7A4F7556}") = "IDP.Services", "IDP.Services\IDP.Services.csproj", "{35EC540A-3D9F-43EA-A8DC-A66011B92803}"
EndProject
Global
	GlobalSection(SolutionConfigurationPlatforms) = preSolution
		Debug|Any CPU = Debug|Any CPU
		Release|Any CPU = Release|Any CPU
	EndGlobalSection
	GlobalSection(ProjectConfigurationPlatforms) = postSolution
		{577A1394-D45A-4293-BD76-3B1B719188D1}.Debug|Any CPU.ActiveCfg = Debug|Any CPU
		{577A1394-D45A-4293-BD76-3B1B719188D1}.Debug|Any CPU.Build.0 = Debug|Any CPU
		{577A1394-D45A-4293-BD76-3B1B719188D1}.Release|Any CPU.ActiveCfg = Release|Any CPU
		{577A1394-D45A-4293-BD76-3B1B719188D1}.Release|Any CPU.Build.0 = Release|Any CPU
		{DA5473D8-51E6-4CC9-BE11-9E0A6AA9A56E}.Debug|Any CPU.ActiveCfg = Debug|Any CPU
		{DA5473D8-51E6-4CC9-BE11-9E0A6AA9A56E}.Debug|Any CPU.Build.0 = Debug|Any CPU
		{DA5473D8-51E6-4CC9-BE11-9E0A6AA9A56E}.Release|Any CPU.ActiveCfg = Release|Any CPU
		{DA5473D8-51E6-4CC9-BE11-9E0A6AA9A56E}.Release|Any CPU.Build.0 = Release|Any CPU
		{9FD940F3-FDD6-475E-8110-B5AA1F401796}.Debug|Any CPU.ActiveCfg = Debug|Any CPU
		{9FD940F3-FDD6-475E-8110-B5AA1F401796}.Debug|Any CPU.Build.0 = Debug|Any CPU
		{9FD940F3-FDD6-475E-8110-B5AA1F401796}.Release|Any CPU.ActiveCfg = Release|Any CPU
		{9FD940F3-FDD6-475E-8110-B5AA1F401796}.Release|Any CPU.Build.0 = Release|Any CPU
		{A3041980-2345-4E43-A11F-3D4B27B6B679}.Debug|Any CPU.ActiveCfg = Debug|Any CPU
		{A3041980-2345-4E43-A11F-3D4B27B6B679}.Debug|Any CPU.Build.0 = Debug|Any CPU
		{A3041980-2345-4E43-A11F-3D4B27B6B679}.Release|Any CPU.ActiveCfg = Release|Any CPU
		{A3041980-2345-4E43-A11F-3D4B27B6B679}.Release|Any CPU.Build.0 = Release|Any CPU
		{64C6728D-EAF9-42BB-BD0B-A48F4977D642}.Debug|Any CPU.ActiveCfg = Debug|Any CPU
		{64C6728D-EAF9-42BB-BD0B-A48F4977D642}.Debug|Any CPU.Build.0 = Debug|Any CPU
		{64C6728D-EAF9-42BB-BD0B-A48F4977D642}.Release|Any CPU.ActiveCfg = Release|Any CPU
		{64C6728D-EAF9-42BB-BD0B-A48F4977D642}.Release|Any CPU.Build.0 = Release|Any CPU
		{5C78C412-DFDE-467B-949A-885D26FBF824}.Debug|Any CPU.ActiveCfg = Debug|Any CPU
		{5C78C412-DFDE-467B-949A-885D26FBF824}.Debug|Any CPU.Build.0 = Debug|Any CPU
		{5C78C412-DFDE-467B-949A-885D26FBF824}.Release|Any CPU.ActiveCfg = Release|Any CPU
		{5C78C412-DFDE-467B-949A-885D26FBF824}.Release|Any CPU.Build.0 = Release|Any CPU
		{E0C5E779-C70E-4D4F-9D05-21C0B5102635}.Debug|Any CPU.ActiveCfg = Debug|Any CPU
		{E0C5E779-C70E-4D4F-9D05-21C0B5102635}.Debug|Any CPU.Build.0 = Debug|Any CPU
		{E0C5E779-C70E-4D4F-9D05-21C0B5102635}.Release|Any CPU.ActiveCfg = Release|Any CPU
		{E0C5E779-C70E-4D4F-9D05-21C0B5102635}.Release|Any CPU.Build.0 = Release|Any CPU
		{AFD22EF6-6552-46F3-A747-641E87378822}.Debug|Any CPU.ActiveCfg = Debug|Any CPU
		{AFD22EF6-6552-46F3-A747-641E87378822}.Debug|Any CPU.Build.0 = Debug|Any CPU
		{AFD22EF6-6552-46F3-A747-641E87378822}.Release|Any CPU.ActiveCfg = Release|Any CPU
		{AFD22EF6-6552-46F3-A747-641E87378822}.Release|Any CPU.Build.0 = Release|Any CPU
		{EB40CF4A-A37B-4739-B1CA-40E9B5A15D24}.Debug|Any CPU.ActiveCfg = Debug|Any CPU
		{EB40CF4A-A37B-4739-B1CA-40E9B5A15D24}.Debug|Any CPU.Build.0 = Debug|Any CPU
		{EB40CF4A-A37B-4739-B1CA-40E9B5A15D24}.Release|Any CPU.ActiveCfg = Release|Any CPU
		{EB40CF4A-A37B-4739-B1CA-40E9B5A15D24}.Release|Any CPU.Build.0 = Release|Any CPU
		{70ADA582-BA08-446B-8FB5-3F803FE79ADE}.Debug|Any CPU.ActiveCfg = Debug|Any CPU
		{70ADA582-BA08-446B-8FB5-3F803FE79ADE}.Debug|Any CPU.Build.0 = Debug|Any CPU
		{70ADA582-BA08-446B-8FB5-3F803FE79ADE}.Release|Any CPU.ActiveCfg = Release|Any CPU
		{70ADA582-BA08-446B-8FB5-3F803FE79ADE}.Release|Any CPU.Build.0 = Release|Any CPU
		{B80C31AD-1028-43D8-9070-9A55B4A4C94E}.Debug|Any CPU.ActiveCfg = Debug|Any CPU
		{B80C31AD-1028-43D8-9070-9A55B4A4C94E}.Debug|Any CPU.Build.0 = Debug|Any CPU
		{B80C31AD-1028-43D8-9070-9A55B4A4C94E}.Debug|Any CPU.Deploy.0 = Debug|Any CPU
		{B80C31AD-1028-43D8-9070-9A55B4A4C94E}.Release|Any CPU.ActiveCfg = Release|Any CPU
		{B80C31AD-1028-43D8-9070-9A55B4A4C94E}.Release|Any CPU.Build.0 = Release|Any CPU
		{B80C31AD-1028-43D8-9070-9A55B4A4C94E}.Release|Any CPU.Deploy.0 = Release|Any CPU
		{542A6A12-F206-40B0-97DD-75C91699CDF6}.Debug|Any CPU.ActiveCfg = Debug|Any CPU
		{542A6A12-F206-40B0-97DD-75C91699CDF6}.Debug|Any CPU.Build.0 = Debug|Any CPU
		{542A6A12-F206-40B0-97DD-75C91699CDF6}.Release|Any CPU.ActiveCfg = Release|Any CPU
		{542A6A12-F206-40B0-97DD-75C91699CDF6}.Release|Any CPU.Build.0 = Release|Any CPU
		{977867A4-6033-4C38-90C8-AD83B79190E0}.Debug|Any CPU.ActiveCfg = Debug|Any CPU
		{977867A4-6033-4C38-90C8-AD83B79190E0}.Debug|Any CPU.Build.0 = Debug|Any CPU
		{977867A4-6033-4C38-90C8-AD83B79190E0}.Release|Any CPU.ActiveCfg = Release|Any CPU
		{977867A4-6033-4C38-90C8-AD83B79190E0}.Release|Any CPU.Build.0 = Release|Any CPU
		{35EC540A-3D9F-43EA-A8DC-A66011B92803}.Debug|Any CPU.ActiveCfg = Debug|Any CPU
		{35EC540A-3D9F-43EA-A8DC-A66011B92803}.Debug|Any CPU.Build.0 = Debug|Any CPU
		{35EC540A-3D9F-43EA-A8DC-A66011B92803}.Release|Any CPU.ActiveCfg = Release|Any CPU
		{35EC540A-3D9F-43EA-A8DC-A66011B92803}.Release|Any CPU.Build.0 = Release|Any CPU
	EndGlobalSection
	GlobalSection(SolutionProperties) = preSolution
		HideSolutionNode = FALSE
	EndGlobalSection
	GlobalSection(NestedProjects) = preSolution
		{577A1394-D45A-4293-BD76-3B1B719188D1} = {2C3F2595-68BB-40C4-9295-40F9DA18A818}
		{DA5473D8-51E6-4CC9-BE11-9E0A6AA9A56E} = {8F0CAB80-7DA6-4694-866E-4ABE7A41DD4B}
		{9FD940F3-FDD6-475E-8110-B5AA1F401796} = {8F0CAB80-7DA6-4694-866E-4ABE7A41DD4B}
		{A3041980-2345-4E43-A11F-3D4B27B6B679} = {146ABE06-7709-4915-9A65-4AA341CD9D48}
		{64C6728D-EAF9-42BB-BD0B-A48F4977D642} = {AE142898-0F33-455D-8443-2A72E4946C5E}
		{5C78C412-DFDE-467B-949A-885D26FBF824} = {A07AD5CF-ADD5-4070-A44F-9EBAB426E177}
		{E0C5E779-C70E-4D4F-9D05-21C0B5102635} = {AE142898-0F33-455D-8443-2A72E4946C5E}
		{AFD22EF6-6552-46F3-A747-641E87378822} = {AE142898-0F33-455D-8443-2A72E4946C5E}
		{EB40CF4A-A37B-4739-B1CA-40E9B5A15D24} = {A07AD5CF-ADD5-4070-A44F-9EBAB426E177}
		{A07AD5CF-ADD5-4070-A44F-9EBAB426E177} = {2C3F2595-68BB-40C4-9295-40F9DA18A818}
		{70ADA582-BA08-446B-8FB5-3F803FE79ADE} = {A07AD5CF-ADD5-4070-A44F-9EBAB426E177}
		{146ABE06-7709-4915-9A65-4AA341CD9D48} = {2C3F2595-68BB-40C4-9295-40F9DA18A818}
		{AE142898-0F33-455D-8443-2A72E4946C5E} = {2C3F2595-68BB-40C4-9295-40F9DA18A818}
		{B80C31AD-1028-43D8-9070-9A55B4A4C94E} = {BC0B7C6A-1199-4186-8271-326699851B55}
		{542A6A12-F206-40B0-97DD-75C91699CDF6} = {8F0CAB80-7DA6-4694-866E-4ABE7A41DD4B}
		{977867A4-6033-4C38-90C8-AD83B79190E0} = {8F0CAB80-7DA6-4694-866E-4ABE7A41DD4B}
		{35EC540A-3D9F-43EA-A8DC-A66011B92803} = {8F0CAB80-7DA6-4694-866E-4ABE7A41DD4B}
	EndGlobalSection
	GlobalSection(ExtensibilityGlobals) = postSolution
		SolutionGuid = {A670F6B0-84CC-48A7-BE97-C28E2EBEF8C5}
	EndGlobalSection
EndGlobal
